
Microsoft Visual Studio Solution File, Format Version 12.00
# Visual Studio Version 17
VisualStudioVersion = 17.4.33122.133
MinimumVisualStudioVersion = 10.0.40219.1
Project("{FAE04EC0-301F-11D3-BF4B-00C04F79EFBC}") = "Railway", "Railway\Railway.csproj", "{486D539F-EFB0-43F7-B7D4-F8D1E880B893}"
EndProject
Project("{FAE04EC0-301F-11D3-BF4B-00C04F79EFBC}") = "Railway.Data", "Railway.Data\Railway.Data.csproj", "{AA6C3CB0-93FC-4ECA-B5BE-B38F980A47A1}"
EndProject
Global
	GlobalSection(SolutionConfigurationPlatforms) = preSolution
		Debug|Any CPU = Debug|Any CPU
		Release|Any CPU = Release|Any CPU
	EndGlobalSection
	GlobalSection(ProjectConfigurationPlatforms) = postSolution
		{486D539F-EFB0-43F7-B7D4-F8D1E880B893}.Debug|Any CPU.ActiveCfg = Debug|Any CPU
		{486D539F-EFB0-43F7-B7D4-F8D1E880B893}.Debug|Any CPU.Build.0 = Debug|Any CPU
		{486D539F-EFB0-43F7-B7D4-F8D1E880B893}.Release|Any CPU.ActiveCfg = Release|Any CPU
		{486D539F-EFB0-43F7-B7D4-F8D1E880B893}.Release|Any CPU.Build.0 = Release|Any CPU
		{AA6C3CB0-93FC-4ECA-B5BE-B38F980A47A1}.Debug|Any CPU.ActiveCfg = Debug|Any CPU
		{AA6C3CB0-93FC-4ECA-B5BE-B38F980A47A1}.Debug|Any CPU.Build.0 = Debug|Any CPU
		{AA6C3CB0-93FC-4ECA-B5BE-B38F980A47A1}.Release|Any CPU.ActiveCfg = Release|Any CPU
		{AA6C3CB0-93FC-4ECA-B5BE-B38F980A47A1}.Release|Any CPU.Build.0 = Release|Any CPU
	EndGlobalSection
	GlobalSection(SolutionProperties) = preSolution
		HideSolutionNode = FALSE
	EndGlobalSection
	GlobalSection(ExtensibilityGlobals) = postSolution
		SolutionGuid = {1F88D121-23A7-4AAC-A7CC-297207A0BBEF}
	EndGlobalSection
EndGlobal
